// !$*UTF8*$!
{
	archiveVersion = 1;
	classes = {
	};
	objectVersion = 55;
	objects = {

/* Begin PBXBuildFile section */
		A29913CB27BBE60E00639FE4 /* AppDelegate.swift in Sources */ = {isa = PBXBuildFile; fileRef = A29913CA27BBE60E00639FE4 /* AppDelegate.swift */; };
		A29913CD27BBE60E00639FE4 /* SceneDelegate.swift in Sources */ = {isa = PBXBuildFile; fileRef = A29913CC27BBE60E00639FE4 /* SceneDelegate.swift */; };
		A29913CF27BBE60E00639FE4 /* ViewController.swift in Sources */ = {isa = PBXBuildFile; fileRef = A29913CE27BBE60E00639FE4 /* ViewController.swift */; };
		A29913D227BBE60E00639FE4 /* Main.storyboard in Resources */ = {isa = PBXBuildFile; fileRef = A29913D027BBE60E00639FE4 /* Main.storyboard */; };
		A29913D427BBE60E00639FE4 /* Assets.xcassets in Resources */ = {isa = PBXBuildFile; fileRef = A29913D327BBE60E00639FE4 /* Assets.xcassets */; };
		A29913D727BBE60E00639FE4 /* LaunchScreen.storyboard in Resources */ = {isa = PBXBuildFile; fileRef = A29913D527BBE60E00639FE4 /* LaunchScreen.storyboard */; };
		A29913E227BBE60F00639FE4 /* testDynamicIconsTests.swift in Sources */ = {isa = PBXBuildFile; fileRef = A29913E127BBE60F00639FE4 /* testDynamicIconsTests.swift */; };
		A29913EC27BBE60F00639FE4 /* testDynamicIconsUITests.swift in Sources */ = {isa = PBXBuildFile; fileRef = A29913EB27BBE60F00639FE4 /* testDynamicIconsUITests.swift */; };
		A29913EE27BBE60F00639FE4 /* testDynamicIconsUITestsLaunchTests.swift in Sources */ = {isa = PBXBuildFile; fileRef = A29913ED27BBE60F00639FE4 /* testDynamicIconsUITestsLaunchTests.swift */; };
		A299140427BC050600639FE4 /* Icon-1@3x.png in Resources */ = {isa = PBXBuildFile; fileRef = A299140127BC050600639FE4 /* Icon-1@3x.png */; };
		A299140527BC050600639FE4 /* Icon-1@1x.png in Resources */ = {isa = PBXBuildFile; fileRef = A299140227BC050600639FE4 /* Icon-1@1x.png */; };
		A299140627BC050600639FE4 /* Icon-1@2x.png in Resources */ = {isa = PBXBuildFile; fileRef = A299140327BC050600639FE4 /* Icon-1@2x.png */; };
/* End PBXBuildFile section */

/* Begin PBXContainerItemProxy section */
		A29913DE27BBE60F00639FE4 /* PBXContainerItemProxy */ = {
			isa = PBXContainerItemProxy;
			containerPortal = A29913BF27BBE60E00639FE4 /* Project object */;
			proxyType = 1;
			remoteGlobalIDString = A29913C627BBE60E00639FE4;
			remoteInfo = testDynamicIcons;
		};
		A29913E827BBE60F00639FE4 /* PBXContainerItemProxy */ = {
			isa = PBXContainerItemProxy;
			containerPortal = A29913BF27BBE60E00639FE4 /* Project object */;
			proxyType = 1;
			remoteGlobalIDString = A29913C627BBE60E00639FE4;
			remoteInfo = testDynamicIcons;
		};
/* End PBXContainerItemProxy section */

/* Begin PBXFileReference section */
		A29913C727BBE60E00639FE4 /* testDynamicIcons.app */ = {isa = PBXFileReference; explicitFileType = wrapper.application; includeInIndex = 0; path = testDynamicIcons.app; sourceTree = BUILT_PRODUCTS_DIR; };
		A29913CA27BBE60E00639FE4 /* AppDelegate.swift */ = {isa = PBXFileReference; lastKnownFileType = sourcecode.swift; path = AppDelegate.swift; sourceTree = "<group>"; };
		A29913CC27BBE60E00639FE4 /* SceneDelegate.swift */ = {isa = PBXFileReference; lastKnownFileType = sourcecode.swift; path = SceneDelegate.swift; sourceTree = "<group>"; };
		A29913CE27BBE60E00639FE4 /* ViewController.swift */ = {isa = PBXFileReference; lastKnownFileType = sourcecode.swift; path = ViewController.swift; sourceTree = "<group>"; };
		A29913D127BBE60E00639FE4 /* Base */ = {isa = PBXFileReference; lastKnownFileType = file.storyboard; name = Base; path = Base.lproj/Main.storyboard; sourceTree = "<group>"; };
		A29913D327BBE60E00639FE4 /* Assets.xcassets */ = {isa = PBXFileReference; lastKnownFileType = folder.assetcatalog; path = Assets.xcassets; sourceTree = "<group>"; };
		A29913D627BBE60E00639FE4 /* Base */ = {isa = PBXFileReference; lastKnownFileType = file.storyboard; name = Base; path = Base.lproj/LaunchScreen.storyboard; sourceTree = "<group>"; };
		A29913D827BBE60E00639FE4 /* Info.plist */ = {isa = PBXFileReference; lastKnownFileType = text.plist.xml; path = Info.plist; sourceTree = "<group>"; };
		A29913DD27BBE60F00639FE4 /* testDynamicIconsTests.xctest */ = {isa = PBXFileReference; explicitFileType = wrapper.cfbundle; includeInIndex = 0; path = testDynamicIconsTests.xctest; sourceTree = BUILT_PRODUCTS_DIR; };
		A29913E127BBE60F00639FE4 /* testDynamicIconsTests.swift */ = {isa = PBXFileReference; lastKnownFileType = sourcecode.swift; path = testDynamicIconsTests.swift; sourceTree = "<group>"; };
		A29913E727BBE60F00639FE4 /* testDynamicIconsUITests.xctest */ = {isa = PBXFileReference; explicitFileType = wrapper.cfbundle; includeInIndex = 0; path = testDynamicIconsUITests.xctest; sourceTree = BUILT_PRODUCTS_DIR; };
		A29913EB27BBE60F00639FE4 /* testDynamicIconsUITests.swift */ = {isa = PBXFileReference; lastKnownFileType = sourcecode.swift; path = testDynamicIconsUITests.swift; sourceTree = "<group>"; };
		A29913ED27BBE60F00639FE4 /* testDynamicIconsUITestsLaunchTests.swift */ = {isa = PBXFileReference; lastKnownFileType = sourcecode.swift; path = testDynamicIconsUITestsLaunchTests.swift; sourceTree = "<group>"; };
		A299140127BC050600639FE4 /* Icon-1@3x.png */ = {isa = PBXFileReference; lastKnownFileType = image.png; path = "Icon-1@3x.png"; sourceTree = "<group>"; };
		A299140227BC050600639FE4 /* Icon-1@1x.png */ = {isa = PBXFileReference; lastKnownFileType = image.png; path = "Icon-1@1x.png"; sourceTree = "<group>"; };
		A299140327BC050600639FE4 /* Icon-1@2x.png */ = {isa = PBXFileReference; lastKnownFileType = image.png; path = "Icon-1@2x.png"; sourceTree = "<group>"; };
/* End PBXFileReference section */

/* Begin PBXFrameworksBuildPhase section */
		A29913C427BBE60E00639FE4 /* Frameworks */ = {
			isa = PBXFrameworksBuildPhase;
			buildActionMask = 2147483647;
			files = (
			);
			runOnlyForDeploymentPostprocessing = 0;
		};
		A29913DA27BBE60F00639FE4 /* Frameworks */ = {
			isa = PBXFrameworksBuildPhase;
			buildActionMask = 2147483647;
			files = (
			);
			runOnlyForDeploymentPostprocessing = 0;
		};
		A29913E427BBE60F00639FE4 /* Frameworks */ = {
			isa = PBXFrameworksBuildPhase;
			buildActionMask = 2147483647;
			files = (
			);
			runOnlyForDeploymentPostprocessing = 0;
		};
/* End PBXFrameworksBuildPhase section */

/* Begin PBXGroup section */
		A29913BE27BBE60E00639FE4 = {
			isa = PBXGroup;
			children = (
				A29913C927BBE60E00639FE4 /* testDynamicIcons */,
				A29913E027BBE60F00639FE4 /* testDynamicIconsTests */,
				A29913EA27BBE60F00639FE4 /* testDynamicIconsUITests */,
				A29913C827BBE60E00639FE4 /* Products */,
			);
			sourceTree = "<group>";
		};
		A29913C827BBE60E00639FE4 /* Products */ = {
			isa = PBXGroup;
			children = (
				A29913C727BBE60E00639FE4 /* testDynamicIcons.app */,
				A29913DD27BBE60F00639FE4 /* testDynamicIconsTests.xctest */,
				A29913E727BBE60F00639FE4 /* testDynamicIconsUITests.xctest */,
			);
			name = Products;
			sourceTree = "<group>";
		};
		A29913C927BBE60E00639FE4 /* testDynamicIcons */ = {
			isa = PBXGroup;
			children = (
				A29913FA27BBE7CC00639FE4 /* Icons */,
				A29913CA27BBE60E00639FE4 /* AppDelegate.swift */,
				A29913CC27BBE60E00639FE4 /* SceneDelegate.swift */,
				A29913CE27BBE60E00639FE4 /* ViewController.swift */,
				A29913D027BBE60E00639FE4 /* Main.storyboard */,
				A29913D327BBE60E00639FE4 /* Assets.xcassets */,
				A29913D527BBE60E00639FE4 /* LaunchScreen.storyboard */,
				A29913D827BBE60E00639FE4 /* Info.plist */,
			);
			path = testDynamicIcons;
			sourceTree = "<group>";
		};
		A29913E027BBE60F00639FE4 /* testDynamicIconsTests */ = {
			isa = PBXGroup;
			children = (
				A29913E127BBE60F00639FE4 /* testDynamicIconsTests.swift */,
			);
			path = testDynamicIconsTests;
			sourceTree = "<group>";
		};
		A29913EA27BBE60F00639FE4 /* testDynamicIconsUITests */ = {
			isa = PBXGroup;
			children = (
				A29913EB27BBE60F00639FE4 /* testDynamicIconsUITests.swift */,
				A29913ED27BBE60F00639FE4 /* testDynamicIconsUITestsLaunchTests.swift */,
			);
			path = testDynamicIconsUITests;
			sourceTree = "<group>";
		};
		A29913FA27BBE7CC00639FE4 /* Icons */ = {
			isa = PBXGroup;
			children = (
				A299140227BC050600639FE4 /* Icon-1@1x.png */,
				A299140327BC050600639FE4 /* Icon-1@2x.png */,
				A299140127BC050600639FE4 /* Icon-1@3x.png */,
			);
			path = Icons;
			sourceTree = "<group>";
		};
/* End PBXGroup section */

/* Begin PBXNativeTarget section */
		A29913C627BBE60E00639FE4 /* testDynamicIcons */ = {
			isa = PBXNativeTarget;
			buildConfigurationList = A29913F127BBE60F00639FE4 /* Build configuration list for PBXNativeTarget "testDynamicIcons" */;
			buildPhases = (
				A29913C327BBE60E00639FE4 /* Sources */,
				A29913C427BBE60E00639FE4 /* Frameworks */,
				A29913C527BBE60E00639FE4 /* Resources */,
			);
			buildRules = (
			);
			dependencies = (
			);
			name = testDynamicIcons;
			productName = testDynamicIcons;
			productReference = A29913C727BBE60E00639FE4 /* testDynamicIcons.app */;
			productType = "com.apple.product-type.application";
		};
		A29913DC27BBE60F00639FE4 /* testDynamicIconsTests */ = {
			isa = PBXNativeTarget;
			buildConfigurationList = A29913F427BBE60F00639FE4 /* Build configuration list for PBXNativeTarget "testDynamicIconsTests" */;
			buildPhases = (
				A29913D927BBE60F00639FE4 /* Sources */,
				A29913DA27BBE60F00639FE4 /* Frameworks */,
				A29913DB27BBE60F00639FE4 /* Resources */,
			);
			buildRules = (
			);
			dependencies = (
				A29913DF27BBE60F00639FE4 /* PBXTargetDependency */,
			);
			name = testDynamicIconsTests;
			productName = testDynamicIconsTests;
			productReference = A29913DD27BBE60F00639FE4 /* testDynamicIconsTests.xctest */;
			productType = "com.apple.product-type.bundle.unit-test";
		};
		A29913E627BBE60F00639FE4 /* testDynamicIconsUITests */ = {
			isa = PBXNativeTarget;
			buildConfigurationList = A29913F727BBE60F00639FE4 /* Build configuration list for PBXNativeTarget "testDynamicIconsUITests" */;
			buildPhases = (
				A29913E327BBE60F00639FE4 /* Sources */,
				A29913E427BBE60F00639FE4 /* Frameworks */,
				A29913E527BBE60F00639FE4 /* Resources */,
			);
			buildRules = (
			);
			dependencies = (
				A29913E927BBE60F00639FE4 /* PBXTargetDependency */,
			);
			name = testDynamicIconsUITests;
			productName = testDynamicIconsUITests;
			productReference = A29913E727BBE60F00639FE4 /* testDynamicIconsUITests.xctest */;
			productType = "com.apple.product-type.bundle.ui-testing";
		};
/* End PBXNativeTarget section */

/* Begin PBXProject section */
		A29913BF27BBE60E00639FE4 /* Project object */ = {
			isa = PBXProject;
			attributes = {
				BuildIndependentTargetsInParallel = 1;
				LastSwiftUpdateCheck = 1320;
				LastUpgradeCheck = 1320;
				TargetAttributes = {
					A29913C627BBE60E00639FE4 = {
						CreatedOnToolsVersion = 13.2.1;
					};
					A29913DC27BBE60F00639FE4 = {
						CreatedOnToolsVersion = 13.2.1;
						TestTargetID = A29913C627BBE60E00639FE4;
					};
					A29913E627BBE60F00639FE4 = {
						CreatedOnToolsVersion = 13.2.1;
						TestTargetID = A29913C627BBE60E00639FE4;
					};
				};
			};
			buildConfigurationList = A29913C227BBE60E00639FE4 /* Build configuration list for PBXProject "testDynamicIcons" */;
			compatibilityVersion = "Xcode 13.0";
			developmentRegion = en;
			hasScannedForEncodings = 0;
			knownRegions = (
				en,
				Base,
			);
			mainGroup = A29913BE27BBE60E00639FE4;
			productRefGroup = A29913C827BBE60E00639FE4 /* Products */;
			projectDirPath = "";
			projectRoot = "";
			targets = (
				A29913C627BBE60E00639FE4 /* testDynamicIcons */,
				A29913DC27BBE60F00639FE4 /* testDynamicIconsTests */,
				A29913E627BBE60F00639FE4 /* testDynamicIconsUITests */,
			);
		};
/* End PBXProject section */

/* Begin PBXResourcesBuildPhase section */
		A29913C527BBE60E00639FE4 /* Resources */ = {
			isa = PBXResourcesBuildPhase;
			buildActionMask = 2147483647;
			files = (
				A299140527BC050600639FE4 /* Icon-1@1x.png in Resources */,
				A29913D727BBE60E00639FE4 /* LaunchScreen.storyboard in Resources */,
				A29913D427BBE60E00639FE4 /* Assets.xcassets in Resources */,
				A299140427BC050600639FE4 /* Icon-1@3x.png in Resources */,
				A29913D227BBE60E00639FE4 /* Main.storyboard in Resources */,
				A299140627BC050600639FE4 /* Icon-1@2x.png in Resources */,
			);
			runOnlyForDeploymentPostprocessing = 0;
		};
		A29913DB27BBE60F00639FE4 /* Resources */ = {
			isa = PBXResourcesBuildPhase;
			buildActionMask = 2147483647;
			files = (
			);
			runOnlyForDeploymentPostprocessing = 0;
		};
		A29913E527BBE60F00639FE4 /* Resources */ = {
			isa = PBXResourcesBuildPhase;
			buildActionMask = 2147483647;
			files = (
			);
			runOnlyForDeploymentPostprocessing = 0;
		};
/* End PBXResourcesBuildPhase section */

/* Begin PBXSourcesBuildPhase section */
		A29913C327BBE60E00639FE4 /* Sources */ = {
			isa = PBXSourcesBuildPhase;
			buildActionMask = 2147483647;
			files = (
				A29913CF27BBE60E00639FE4 /* ViewController.swift in Sources */,
				A29913CB27BBE60E00639FE4 /* AppDelegate.swift in Sources */,
				A29913CD27BBE60E00639FE4 /* SceneDelegate.swift in Sources */,
			);
			runOnlyForDeploymentPostprocessing = 0;
		};
		A29913D927BBE60F00639FE4 /* Sources */ = {
			isa = PBXSourcesBuildPhase;
			buildActionMask = 2147483647;
			files = (
				A29913E227BBE60F00639FE4 /* testDynamicIconsTests.swift in Sources */,
			);
			runOnlyForDeploymentPostprocessing = 0;
		};
		A29913E327BBE60F00639FE4 /* Sources */ = {
			isa = PBXSourcesBuildPhase;
			buildActionMask = 2147483647;
			files = (
				A29913EC27BBE60F00639FE4 /* testDynamicIconsUITests.swift in Sources */,
				A29913EE27BBE60F00639FE4 /* testDynamicIconsUITestsLaunchTests.swift in Sources */,
			);
			runOnlyForDeploymentPostprocessing = 0;
		};
/* End PBXSourcesBuildPhase section */

/* Begin PBXTargetDependency section */
		A29913DF27BBE60F00639FE4 /* PBXTargetDependency */ = {
			isa = PBXTargetDependency;
			target = A29913C627BBE60E00639FE4 /* testDynamicIcons */;
			targetProxy = A29913DE27BBE60F00639FE4 /* PBXContainerItemProxy */;
		};
		A29913E927BBE60F00639FE4 /* PBXTargetDependency */ = {
			isa = PBXTargetDependency;
			target = A29913C627BBE60E00639FE4 /* testDynamicIcons */;
			targetProxy = A29913E827BBE60F00639FE4 /* PBXContainerItemProxy */;
		};
/* End PBXTargetDependency section */

/* Begin PBXVariantGroup section */
		A29913D027BBE60E00639FE4 /* Main.storyboard */ = {
			isa = PBXVariantGroup;
			children = (
				A29913D127BBE60E00639FE4 /* Base */,
			);
			name = Main.storyboard;
			sourceTree = "<group>";
		};
		A29913D527BBE60E00639FE4 /* LaunchScreen.storyboard */ = {
			isa = PBXVariantGroup;
			children = (
				A29913D627BBE60E00639FE4 /* Base */,
			);
			name = LaunchScreen.storyboard;
			sourceTree = "<group>";
		};
/* End PBXVariantGroup section */

/* Begin XCBuildConfiguration section */
		A29913EF27BBE60F00639FE4 /* Debug */ = {
			isa = XCBuildConfiguration;
			buildSettings = {
				ALWAYS_SEARCH_USER_PATHS = NO;
				CLANG_ANALYZER_NONNULL = YES;
				CLANG_ANALYZER_NUMBER_OBJECT_CONVERSION = YES_AGGRESSIVE;
				CLANG_CXX_LANGUAGE_STANDARD = "gnu++17";
				CLANG_CXX_LIBRARY = "libc++";
				CLANG_ENABLE_MODULES = YES;
				CLANG_ENABLE_OBJC_ARC = YES;
				CLANG_ENABLE_OBJC_WEAK = YES;
				CLANG_WARN_BLOCK_CAPTURE_AUTORELEASING = YES;
				CLANG_WARN_BOOL_CONVERSION = YES;
				CLANG_WARN_COMMA = YES;
				CLANG_WARN_CONSTANT_CONVERSION = YES;
				CLANG_WARN_DEPRECATED_OBJC_IMPLEMENTATIONS = YES;
				CLANG_WARN_DIRECT_OBJC_ISA_USAGE = YES_ERROR;
				CLANG_WARN_DOCUMENTATION_COMMENTS = YES;
				CLANG_WARN_EMPTY_BODY = YES;
				CLANG_WARN_ENUM_CONVERSION = YES;
				CLANG_WARN_INFINITE_RECURSION = YES;
				CLANG_WARN_INT_CONVERSION = YES;
				CLANG_WARN_NON_LITERAL_NULL_CONVERSION = YES;
				CLANG_WARN_OBJC_IMPLICIT_RETAIN_SELF = YES;
				CLANG_WARN_OBJC_LITERAL_CONVERSION = YES;
				CLANG_WARN_OBJC_ROOT_CLASS = YES_ERROR;
				CLANG_WARN_QUOTED_INCLUDE_IN_FRAMEWORK_HEADER = YES;
				CLANG_WARN_RANGE_LOOP_ANALYSIS = YES;
				CLANG_WARN_STRICT_PROTOTYPES = YES;
				CLANG_WARN_SUSPICIOUS_MOVE = YES;
				CLANG_WARN_UNGUARDED_AVAILABILITY = YES_AGGRESSIVE;
				CLANG_WARN_UNREACHABLE_CODE = YES;
				CLANG_WARN__DUPLICATE_METHOD_MATCH = YES;
				COPY_PHASE_STRIP = NO;
				DEBUG_INFORMATION_FORMAT = dwarf;
				ENABLE_STRICT_OBJC_MSGSEND = YES;
				ENABLE_TESTABILITY = YES;
				GCC_C_LANGUAGE_STANDARD = gnu11;
				GCC_DYNAMIC_NO_PIC = NO;
				GCC_NO_COMMON_BLOCKS = YES;
				GCC_OPTIMIZATION_LEVEL = 0;
				GCC_PREPROCESSOR_DEFINITIONS = (
					"DEBUG=1",
					"$(inherited)",
				);
				GCC_WARN_64_TO_32_BIT_CONVERSION = YES;
				GCC_WARN_ABOUT_RETURN_TYPE = YES_ERROR;
				GCC_WARN_UNDECLARED_SELECTOR = YES;
				GCC_WARN_UNINITIALIZED_AUTOS = YES_AGGRESSIVE;
				GCC_WARN_UNUSED_FUNCTION = YES;
				GCC_WARN_UNUSED_VARIABLE = YES;
				IPHONEOS_DEPLOYMENT_TARGET = 15.2;
				MTL_ENABLE_DEBUG_INFO = INCLUDE_SOURCE;
				MTL_FAST_MATH = YES;
				ONLY_ACTIVE_ARCH = YES;
				SDKROOT = iphoneos;
				SWIFT_ACTIVE_COMPILATION_CONDITIONS = DEBUG;
				SWIFT_OPTIMIZATION_LEVEL = "-Onone";
			};
			name = Debug;
		};
		A29913F027BBE60F00639FE4 /* Release */ = {
			isa = XCBuildConfiguration;
			buildSettings = {
				ALWAYS_SEARCH_USER_PATHS = NO;
				CLANG_ANALYZER_NONNULL = YES;
				CLANG_ANALYZER_NUMBER_OBJECT_CONVERSION = YES_AGGRESSIVE;
				CLANG_CXX_LANGUAGE_STANDARD = "gnu++17";
				CLANG_CXX_LIBRARY = "libc++";
				CLANG_ENABLE_MODULES = YES;
				CLANG_ENABLE_OBJC_ARC = YES;
				CLANG_ENABLE_OBJC_WEAK = YES;
				CLANG_WARN_BLOCK_CAPTURE_AUTORELEASING = YES;
				CLANG_WARN_BOOL_CONVERSION = YES;
				CLANG_WARN_COMMA = YES;
				CLANG_WARN_CONSTANT_CONVERSION = YES;
				CLANG_WARN_DEPRECATED_OBJC_IMPLEMENTATIONS = YES;
				CLANG_WARN_DIRECT_OBJC_ISA_USAGE = YES_ERROR;
				CLANG_WARN_DOCUMENTATION_COMMENTS = YES;
				CLANG_WARN_EMPTY_BODY = YES;
				CLANG_WARN_ENUM_CONVERSION = YES;
				CLANG_WARN_INFINITE_RECURSION = YES;
				CLANG_WARN_INT_CONVERSION = YES;
				CLANG_WARN_NON_LITERAL_NULL_CONVERSION = YES;
				CLANG_WARN_OBJC_IMPLICIT_RETAIN_SELF = YES;
				CLANG_WARN_OBJC_LITERAL_CONVERSION = YES;
				CLANG_WARN_OBJC_ROOT_CLASS = YES_ERROR;
				CLANG_WARN_QUOTED_INCLUDE_IN_FRAMEWORK_HEADER = YES;
				CLANG_WARN_RANGE_LOOP_ANALYSIS = YES;
				CLANG_WARN_STRICT_PROTOTYPES = YES;
				CLANG_WARN_SUSPICIOUS_MOVE = YES;
				CLANG_WARN_UNGUARDED_AVAILABILITY = YES_AGGRESSIVE;
				CLANG_WARN_UNREACHABLE_CODE = YES;
				CLANG_WARN__DUPLICATE_METHOD_MATCH = YES;
				COPY_PHASE_STRIP = NO;
				DEBUG_INFORMATION_FORMAT = "dwarf-with-dsym";
				ENABLE_NS_ASSERTIONS = NO;
				ENABLE_STRICT_OBJC_MSGSEND = YES;
				GCC_C_LANGUAGE_STANDARD = gnu11;
				GCC_NO_COMMON_BLOCKS = YES;
				GCC_WARN_64_TO_32_BIT_CONVERSION = YES;
				GCC_WARN_ABOUT_RETURN_TYPE = YES_ERROR;
				GCC_WARN_UNDECLARED_SELECTOR = YES;
				GCC_WARN_UNINITIALIZED_AUTOS = YES_AGGRESSIVE;
				GCC_WARN_UNUSED_FUNCTION = YES;
				GCC_WARN_UNUSED_VARIABLE = YES;
				IPHONEOS_DEPLOYMENT_TARGET = 15.2;
				MTL_ENABLE_DEBUG_INFO = NO;
				MTL_FAST_MATH = YES;
				SDKROOT = iphoneos;
				SWIFT_COMPILATION_MODE = wholemodule;
				SWIFT_OPTIMIZATION_LEVEL = "-O";
				VALIDATE_PRODUCT = YES;
			};
			name = Release;
		};
		A29913F227BBE60F00639FE4 /* Debug */ = {
			isa = XCBuildConfiguration;
			buildSettings = {
				ASSETCATALOG_COMPILER_APPICON_NAME = AppIcon;
				ASSETCATALOG_COMPILER_GLOBAL_ACCENT_COLOR_NAME = AccentColor;
				CODE_SIGN_STYLE = Automatic;
				CURRENT_PROJECT_VERSION = 1;
				DEVELOPMENT_TEAM = 753X82YC53;
				GENERATE_INFOPLIST_FILE = YES;
				INFOPLIST_FILE = testDynamicIcons/Info.plist;
				INFOPLIST_KEY_CFBundleDisplayName = App;
				INFOPLIST_KEY_UIApplicationSupportsIndirectInputEvents = YES;
				INFOPLIST_KEY_UILaunchStoryboardName = LaunchScreen;
				INFOPLIST_KEY_UIMainStoryboardFile = Main;
				INFOPLIST_KEY_UISupportedInterfaceOrientations_iPad = "UIInterfaceOrientationPortrait UIInterfaceOrientationPortraitUpsideDown UIInterfaceOrientationLandscapeLeft UIInterfaceOrientationLandscapeRight";
				INFOPLIST_KEY_UISupportedInterfaceOrientations_iPhone = "UIInterfaceOrientationPortrait UIInterfaceOrientationLandscapeLeft UIInterfaceOrientationLandscapeRight";
				LD_RUNPATH_SEARCH_PATHS = (
					"$(inherited)",
					"@executable_path/Frameworks",
				);
				MARKETING_VERSION = 1.0;
				PRODUCT_BUNDLE_IDENTIFIER = andriikuznietsov.testDynamicIcons;
				PRODUCT_NAME = "$(TARGET_NAME)";
				SWIFT_EMIT_LOC_STRINGS = YES;
				SWIFT_VERSION = 5.0;
				TARGETED_DEVICE_FAMILY = "1,2";
			};
			name = Debug;
		};
		A29913F327BBE60F00639FE4 /* Release */ = {
			isa = XCBuildConfiguration;
			buildSettings = {
				ASSETCATALOG_COMPILER_APPICON_NAME = AppIcon;
				ASSETCATALOG_COMPILER_GLOBAL_ACCENT_COLOR_NAME = AccentColor;
				CODE_SIGN_STYLE = Automatic;
				CURRENT_PROJECT_VERSION = 1;
				DEVELOPMENT_TEAM = 753X82YC53;
				GENERATE_INFOPLIST_FILE = YES;
				INFOPLIST_FILE = testDynamicIcons/Info.plist;
				INFOPLIST_KEY_CFBundleDisplayName = App;
				INFOPLIST_KEY_UIApplicationSupportsIndirectInputEvents = YES;
				INFOPLIST_KEY_UILaunchStoryboardName = LaunchScreen;
				INFOPLIST_KEY_UIMainStoryboardFile = Main;
				INFOPLIST_KEY_UISupportedInterfaceOrientations_iPad = "UIInterfaceOrientationPortrait UIInterfaceOrientationPortraitUpsideDown UIInterfaceOrientationLandscapeLeft UIInterfaceOrientationLandscapeRight";
				INFOPLIST_KEY_UISupportedInterfaceOrientations_iPhone = "UIInterfaceOrientationPortrait UIInterfaceOrientationLandscapeLeft UIInterfaceOrientationLandscapeRight";
				LD_RUNPATH_SEARCH_PATHS = (
					"$(inherited)",
					"@executable_path/Frameworks",
				);
				MARKETING_VERSION = 1.0;
				PRODUCT_BUNDLE_IDENTIFIER = andriikuznietsov.testDynamicIcons;
				PRODUCT_NAME = "$(TARGET_NAME)";
				SWIFT_EMIT_LOC_STRINGS = YES;
				SWIFT_VERSION = 5.0;
				TARGETED_DEVICE_FAMILY = "1,2";
			};
			name = Release;
		};
		A29913F527BBE60F00639FE4 /* Debug */ = {
			isa = XCBuildConfiguration;
			buildSettings = {
				ALWAYS_EMBED_SWIFT_STANDARD_LIBRARIES = YES;
				BUNDLE_LOADER = "$(TEST_HOST)";
				CODE_SIGN_STYLE = Automatic;
				CURRENT_PROJECT_VERSION = 1;
				DEVELOPMENT_TEAM = 753X82YC53;
				GENERATE_INFOPLIST_FILE = YES;
				IPHONEOS_DEPLOYMENT_TARGET = 15.2;
				MARKETING_VERSION = 1.0;
				PRODUCT_BUNDLE_IDENTIFIER = andriikuznietsov.testDynamicIconsTests;
				PRODUCT_NAME = "$(TARGET_NAME)";
				SWIFT_EMIT_LOC_STRINGS = NO;
				SWIFT_VERSION = 5.0;
				TARGETED_DEVICE_FAMILY = "1,2";
				TEST_HOST = "$(BUILT_PRODUCTS_DIR)/testDynamicIcons.app/testDynamicIcons";
			};
			name = Debug;
		};
		A29913F627BBE60F00639FE4 /* Release */ = {
			isa = XCBuildConfiguration;
			buildSettings = {
				ALWAYS_EMBED_SWIFT_STANDARD_LIBRARIES = YES;
				BUNDLE_LOADER = "$(TEST_HOST)";
				CODE_SIGN_STYLE = Automatic;
				CURRENT_PROJECT_VERSION = 1;
				DEVELOPMENT_TEAM = 753X82YC53;
				GENERATE_INFOPLIST_FILE = YES;
				IPHONEOS_DEPLOYMENT_TARGET = 15.2;
				MARKETING_VERSION = 1.0;
				PRODUCT_BUNDLE_IDENTIFIER = andriikuznietsov.testDynamicIconsTests;
				PRODUCT_NAME = "$(TARGET_NAME)";
				SWIFT_EMIT_LOC_STRINGS = NO;
				SWIFT_VERSION = 5.0;
				TARGETED_DEVICE_FAMILY = "1,2";
				TEST_HOST = "$(BUILT_PRODUCTS_DIR)/testDynamicIcons.app/testDynamicIcons";
			};
			name = Release;
		};
		A29913F827BBE60F00639FE4 /* Debug */ = {
			isa = XCBuildConfiguration;
			buildSettings = {
				ALWAYS_EMBED_SWIFT_STANDARD_LIBRARIES = YES;
				CODE_SIGN_STYLE = Automatic;
				CURRENT_PROJECT_VERSION = 1;
				DEVELOPMENT_TEAM = 753X82YC53;
				GENERATE_INFOPLIST_FILE = YES;
				MARKETING_VERSION = 1.0;
				PRODUCT_BUNDLE_IDENTIFIER = andriikuznietsov.testDynamicIconsUITests;
				PRODUCT_NAME = "$(TARGET_NAME)";
				SWIFT_EMIT_LOC_STRINGS = NO;
				SWIFT_VERSION = 5.0;
				TARGETED_DEVICE_FAMILY = "1,2";
				TEST_TARGET_NAME = testDynamicIcons;
			};
			name = Debug;
		};
		A29913F927BBE60F00639FE4 /* Release */ = {
			isa = XCBuildConfiguration;
			buildSettings = {
				ALWAYS_EMBED_SWIFT_STANDARD_LIBRARIES = YES;
				CODE_SIGN_STYLE = Automatic;
				CURRENT_PROJECT_VERSION = 1;
				DEVELOPMENT_TEAM = 753X82YC53;
				GENERATE_INFOPLIST_FILE = YES;
				MARKETING_VERSION = 1.0;
				PRODUCT_BUNDLE_IDENTIFIER = andriikuznietsov.testDynamicIconsUITests;
				PRODUCT_NAME = "$(TARGET_NAME)";
				SWIFT_EMIT_LOC_STRINGS = NO;
				SWIFT_VERSION = 5.0;
				TARGETED_DEVICE_FAMILY = "1,2";
				TEST_TARGET_NAME = testDynamicIcons;
			};
			name = Release;
		};
/* End XCBuildConfiguration section */

/* Begin XCConfigurationList section */
		A29913C227BBE60E00639FE4 /* Build configuration list for PBXProject "testDynamicIcons" */ = {
			isa = XCConfigurationList;
			buildConfigurations = (
				A29913EF27BBE60F00639FE4 /* Debug */,
				A29913F027BBE60F00639FE4 /* Release */,
			);
			defaultConfigurationIsVisible = 0;
			defaultConfigurationName = Release;
		};
		A29913F127BBE60F00639FE4 /* Build configuration list for PBXNativeTarget "testDynamicIcons" */ = {
			isa = XCConfigurationList;
			buildConfigurations = (
				A29913F227BBE60F00639FE4 /* Debug */,
				A29913F327BBE60F00639FE4 /* Release */,
			);
			defaultConfigurationIsVisible = 0;
			defaultConfigurationName = Release;
		};
		A29913F427BBE60F00639FE4 /* Build configuration list for PBXNativeTarget "testDynamicIconsTests" */ = {
			isa = XCConfigurationList;
			buildConfigurations = (
				A29913F527BBE60F00639FE4 /* Debug */,
				A29913F627BBE60F00639FE4 /* Release */,
			);
			defaultConfigurationIsVisible = 0;
			defaultConfigurationName = Release;
		};
		A29913F727BBE60F00639FE4 /* Build configuration list for PBXNativeTarget "testDynamicIconsUITests" */ = {
			isa = XCConfigurationList;
			buildConfigurations = (
				A29913F827BBE60F00639FE4 /* Debug */,
				A29913F927BBE60F00639FE4 /* Release */,
			);
			defaultConfigurationIsVisible = 0;
			defaultConfigurationName = Release;
		};
/* End XCConfigurationList section */
	};
	rootObject = A29913BF27BBE60E00639FE4 /* Project object */;
}
